
Microsoft Visual Studio Solution File, Format Version 12.00
# Visual Studio Version 17
VisualStudioVersion = 17.11.35303.130
MinimumVisualStudioVersion = 10.0.40219.1
Project("{FAE04EC0-301F-11D3-BF4B-00C04F79EFBC}") = "Assignemtn1", "Assignemtn1\Assignemtn1.csproj", "{FFA5FD4C-C0B3-4E07-8B11-25B97A0EF770}"
EndProject
Global
	GlobalSection(SolutionConfigurationPlatforms) = preSolution
		Debug|Any CPU = Debug|Any CPU
		Release|Any CPU = Release|Any CPU
	EndGlobalSection
	GlobalSection(ProjectConfigurationPlatforms) = postSolution
		{FFA5FD4C-C0B3-4E07-8B11-25B97A0EF770}.Debug|Any CPU.ActiveCfg = Debug|Any CPU
		{FFA5FD4C-C0B3-4E07-8B11-25B97A0EF770}.Debug|Any CPU.Build.0 = Debug|Any CPU
		{FFA5FD4C-C0B3-4E07-8B11-25B97A0EF770}.Release|Any CPU.ActiveCfg = Release|Any CPU
		{FFA5FD4C-C0B3-4E07-8B11-25B97A0EF770}.Release|Any CPU.Build.0 = Release|Any CPU
	EndGlobalSection
	GlobalSection(SolutionProperties) = preSolution
		HideSolutionNode = FALSE
	EndGlobalSection
	GlobalSection(ExtensibilityGlobals) = postSolution
		SolutionGuid = {0C2DBA9C-706B-4AE6-AE8B-E3543F9A172E}
	EndGlobalSection
EndGlobal
